// !$*UTF8*$!
{
	archiveVersion = 1;
	classes = {
	};
	objectVersion = 46;
	objects = {

/* Begin PBXBuildFile section */
		AC4950CA1BA79BBE00C555C3 /* main.m in Sources */ = {isa = PBXBuildFile; fileRef = AC4950C91BA79BBE00C555C3 /* main.m */; };
		AC4950CD1BA79BBE00C555C3 /* AppDelegate.m in Sources */ = {isa = PBXBuildFile; fileRef = AC4950CC1BA79BBE00C555C3 /* AppDelegate.m */; };
		AC4950D01BA79BBE00C555C3 /* ViewController.m in Sources */ = {isa = PBXBuildFile; fileRef = AC4950CF1BA79BBE00C555C3 /* ViewController.m */; };
		AC4950D31BA79BBE00C555C3 /* Main.storyboard in Resources */ = {isa = PBXBuildFile; fileRef = AC4950D11BA79BBE00C555C3 /* Main.storyboard */; };
		AC4950D51BA79BBE00C555C3 /* Images.xcassets in Resources */ = {isa = PBXBuildFile; fileRef = AC4950D41BA79BBE00C555C3 /* Images.xcassets */; };
		AC4950D81BA79BBE00C555C3 /* LaunchScreen.xib in Resources */ = {isa = PBXBuildFile; fileRef = AC4950D61BA79BBE00C555C3 /* LaunchScreen.xib */; };
		AC4950E41BA79BBE00C555C3 /* TicTacToeTests.m in Sources */ = {isa = PBXBuildFile; fileRef = AC4950E31BA79BBE00C555C3 /* TicTacToeTests.m */; };
		AC4950EF1BA79D7100C555C3 /* GameBoard.m in Sources */ = {isa = PBXBuildFile; fileRef = AC4950EE1BA79D7100C555C3 /* GameBoard.m */; };
		AC7198591BA9156E007BFE77 /* board.png in Resources */ = {isa = PBXBuildFile; fileRef = AC7198581BA9156E007BFE77 /* board.png */; };
/* End PBXBuildFile section */

/* Begin PBXContainerItemProxy section */
		AC4950DE1BA79BBE00C555C3 /* PBXContainerItemProxy */ = {
			isa = PBXContainerItemProxy;
			containerPortal = AC4950BC1BA79BBE00C555C3 /* Project object */;
			proxyType = 1;
			remoteGlobalIDString = AC4950C31BA79BBE00C555C3;
			remoteInfo = TicTacToe;
		};
/* End PBXContainerItemProxy section */

/* Begin PBXFileReference section */
		AC4950C41BA79BBE00C555C3 /* TicTacToe.app */ = {isa = PBXFileReference; explicitFileType = wrapper.application; includeInIndex = 0; path = TicTacToe.app; sourceTree = BUILT_PRODUCTS_DIR; };
		AC4950C81BA79BBE00C555C3 /* Info.plist */ = {isa = PBXFileReference; lastKnownFileType = text.plist.xml; path = Info.plist; sourceTree = "<group>"; };
		AC4950C91BA79BBE00C555C3 /* main.m */ = {isa = PBXFileReference; lastKnownFileType = sourcecode.c.objc; path = main.m; sourceTree = "<group>"; };
		AC4950CB1BA79BBE00C555C3 /* AppDelegate.h */ = {isa = PBXFileReference; lastKnownFileType = sourcecode.c.h; path = AppDelegate.h; sourceTree = "<group>"; };
		AC4950CC1BA79BBE00C555C3 /* AppDelegate.m */ = {isa = PBXFileReference; lastKnownFileType = sourcecode.c.objc; path = AppDelegate.m; sourceTree = "<group>"; };
		AC4950CE1BA79BBE00C555C3 /* ViewController.h */ = {isa = PBXFileReference; lastKnownFileType = sourcecode.c.h; path = ViewController.h; sourceTree = "<group>"; };
		AC4950CF1BA79BBE00C555C3 /* ViewController.m */ = {isa = PBXFileReference; lastKnownFileType = sourcecode.c.objc; path = ViewController.m; sourceTree = "<group>"; };
		AC4950D21BA79BBE00C555C3 /* Base */ = {isa = PBXFileReference; lastKnownFileType = file.storyboard; name = Base; path = Base.lproj/Main.storyboard; sourceTree = "<group>"; };
		AC4950D41BA79BBE00C555C3 /* Images.xcassets */ = {isa = PBXFileReference; lastKnownFileType = folder.assetcatalog; path = Images.xcassets; sourceTree = "<group>"; };
		AC4950D71BA79BBE00C555C3 /* Base */ = {isa = PBXFileReference; lastKnownFileType = file.xib; name = Base; path = Base.lproj/LaunchScreen.xib; sourceTree = "<group>"; };
		AC4950DD1BA79BBE00C555C3 /* TicTacToeTests.xctest */ = {isa = PBXFileReference; explicitFileType = wrapper.cfbundle; includeInIndex = 0; path = TicTacToeTests.xctest; sourceTree = BUILT_PRODUCTS_DIR; };
		AC4950E21BA79BBE00C555C3 /* Info.plist */ = {isa = PBXFileReference; lastKnownFileType = text.plist.xml; path = Info.plist; sourceTree = "<group>"; };
		AC4950E31BA79BBE00C555C3 /* TicTacToeTests.m */ = {isa = PBXFileReference; lastKnownFileType = sourcecode.c.objc; path = TicTacToeTests.m; sourceTree = "<group>"; };
		AC4950ED1BA79D5D00C555C3 /* GameBoard.h */ = {isa = PBXFileReference; lastKnownFileType = sourcecode.c.h; path = GameBoard.h; sourceTree = "<group>"; };
		AC4950EE1BA79D7100C555C3 /* GameBoard.m */ = {isa = PBXFileReference; fileEncoding = 4; lastKnownFileType = sourcecode.c.objc; path = GameBoard.m; sourceTree = "<group>"; };
		AC7198581BA9156E007BFE77 /* board.png */ = {isa = PBXFileReference; lastKnownFileType = image.png; path = board.png; sourceTree = "<group>"; };
/* End PBXFileReference section */

/* Begin PBXFrameworksBuildPhase section */
		AC4950C11BA79BBE00C555C3 /* Frameworks */ = {
			isa = PBXFrameworksBuildPhase;
			buildActionMask = 2147483647;
			files = (
			);
			runOnlyForDeploymentPostprocessing = 0;
		};
		AC4950DA1BA79BBE00C555C3 /* Frameworks */ = {
			isa = PBXFrameworksBuildPhase;
			buildActionMask = 2147483647;
			files = (
			);
			runOnlyForDeploymentPostprocessing = 0;
		};
/* End PBXFrameworksBuildPhase section */

/* Begin PBXGroup section */
		AC4950BB1BA79BBE00C555C3 = {
			isa = PBXGroup;
			children = (
				AC4950C61BA79BBE00C555C3 /* TicTacToe */,
				AC4950E01BA79BBE00C555C3 /* TicTacToeTests */,
				AC4950C51BA79BBE00C555C3 /* Products */,
			);
			sourceTree = "<group>";
		};
		AC4950C51BA79BBE00C555C3 /* Products */ = {
			isa = PBXGroup;
			children = (
				AC4950C41BA79BBE00C555C3 /* TicTacToe.app */,
				AC4950DD1BA79BBE00C555C3 /* TicTacToeTests.xctest */,
			);
			name = Products;
			sourceTree = "<group>";
		};
		AC4950C61BA79BBE00C555C3 /* TicTacToe */ = {
			isa = PBXGroup;
			children = (
				AC4950CB1BA79BBE00C555C3 /* AppDelegate.h */,
				AC4950CC1BA79BBE00C555C3 /* AppDelegate.m */,
				AC4950CE1BA79BBE00C555C3 /* ViewController.h */,
				AC4950CF1BA79BBE00C555C3 /* ViewController.m */,
				AC4950ED1BA79D5D00C555C3 /* GameBoard.h */,
				AC4950EE1BA79D7100C555C3 /* GameBoard.m */,
				AC4950D11BA79BBE00C555C3 /* Main.storyboard */,
				AC4950D41BA79BBE00C555C3 /* Images.xcassets */,
				AC4950D61BA79BBE00C555C3 /* LaunchScreen.xib */,
				AC7198581BA9156E007BFE77 /* board.png */,
				AC4950C71BA79BBE00C555C3 /* Supporting Files */,
			);
			path = TicTacToe;
			sourceTree = "<group>";
		};
		AC4950C71BA79BBE00C555C3 /* Supporting Files */ = {
			isa = PBXGroup;
			children = (
				AC4950C81BA79BBE00C555C3 /* Info.plist */,
				AC4950C91BA79BBE00C555C3 /* main.m */,
			);
			name = "Supporting Files";
			sourceTree = "<group>";
		};
		AC4950E01BA79BBE00C555C3 /* TicTacToeTests */ = {
			isa = PBXGroup;
			children = (
				AC4950E31BA79BBE00C555C3 /* TicTacToeTests.m */,
				AC4950E11BA79BBE00C555C3 /* Supporting Files */,
			);
			path = TicTacToeTests;
			sourceTree = "<group>";
		};
		AC4950E11BA79BBE00C555C3 /* Supporting Files */ = {
			isa = PBXGroup;
			children = (
				AC4950E21BA79BBE00C555C3 /* Info.plist */,
			);
			name = "Supporting Files";
			sourceTree = "<group>";
		};
/* End PBXGroup section */

/* Begin PBXNativeTarget section */
		AC4950C31BA79BBE00C555C3 /* TicTacToe */ = {
			isa = PBXNativeTarget;
			buildConfigurationList = AC4950E71BA79BBE00C555C3 /* Build configuration list for PBXNativeTarget "TicTacToe" */;
			buildPhases = (
				AC4950C01BA79BBE00C555C3 /* Sources */,
				AC4950C11BA79BBE00C555C3 /* Frameworks */,
				AC4950C21BA79BBE00C555C3 /* Resources */,
			);
			buildRules = (
			);
			dependencies = (
			);
			name = TicTacToe;
			productName = TicTacToe;
			productReference = AC4950C41BA79BBE00C555C3 /* TicTacToe.app */;
			productType = "com.apple.product-type.application";
		};
		AC4950DC1BA79BBE00C555C3 /* TicTacToeTests */ = {
			isa = PBXNativeTarget;
			buildConfigurationList = AC4950EA1BA79BBE00C555C3 /* Build configuration list for PBXNativeTarget "TicTacToeTests" */;
			buildPhases = (
				AC4950D91BA79BBE00C555C3 /* Sources */,
				AC4950DA1BA79BBE00C555C3 /* Frameworks */,
				AC4950DB1BA79BBE00C555C3 /* Resources */,
			);
			buildRules = (
			);
			dependencies = (
				AC4950DF1BA79BBE00C555C3 /* PBXTargetDependency */,
			);
			name = TicTacToeTests;
			productName = TicTacToeTests;
			productReference = AC4950DD1BA79BBE00C555C3 /* TicTacToeTests.xctest */;
			productType = "com.apple.product-type.bundle.unit-test";
		};
/* End PBXNativeTarget section */

/* Begin PBXProject section */
		AC4950BC1BA79BBE00C555C3 /* Project object */ = {
			isa = PBXProject;
			attributes = {
				LastUpgradeCheck = 0630;
				ORGANIZATIONNAME = ClassroomM;
				TargetAttributes = {
					AC4950C31BA79BBE00C555C3 = {
						CreatedOnToolsVersion = 6.3;
						DevelopmentTeam = 7QZKGWVGQY;
					};
					AC4950DC1BA79BBE00C555C3 = {
						CreatedOnToolsVersion = 6.3;
						TestTargetID = AC4950C31BA79BBE00C555C3;
					};
				};
			};
			buildConfigurationList = AC4950BF1BA79BBE00C555C3 /* Build configuration list for PBXProject "TicTacToe" */;
			compatibilityVersion = "Xcode 3.2";
			developmentRegion = English;
			hasScannedForEncodings = 0;
			knownRegions = (
				en,
				Base,
			);
			mainGroup = AC4950BB1BA79BBE00C555C3;
			productRefGroup = AC4950C51BA79BBE00C555C3 /* Products */;
			projectDirPath = "";
			projectRoot = "";
			targets = (
				AC4950C31BA79BBE00C555C3 /* TicTacToe */,
				AC4950DC1BA79BBE00C555C3 /* TicTacToeTests */,
			);
		};
/* End PBXProject section */

/* Begin PBXResourcesBuildPhase section */
		AC4950C21BA79BBE00C555C3 /* Resources */ = {
			isa = PBXResourcesBuildPhase;
			buildActionMask = 2147483647;
			files = (
				AC7198591BA9156E007BFE77 /* board.png in Resources */,
				AC4950D31BA79BBE00C555C3 /* Main.storyboard in Resources */,
				AC4950D81BA79BBE00C555C3 /* LaunchScreen.xib in Resources */,
				AC4950D51BA79BBE00C555C3 /* Images.xcassets in Resources */,
			);
			runOnlyForDeploymentPostprocessing = 0;
		};
		AC4950DB1BA79BBE00C555C3 /* Resources */ = {
			isa = PBXResourcesBuildPhase;
			buildActionMask = 2147483647;
			files = (
			);
			runOnlyForDeploymentPostprocessing = 0;
		};
/* End PBXResourcesBuildPhase section */

/* Begin PBXSourcesBuildPhase section */
		AC4950C01BA79BBE00C555C3 /* Sources */ = {
			isa = PBXSourcesBuildPhase;
			buildActionMask = 2147483647;
			files = (
				AC4950EF1BA79D7100C555C3 /* GameBoard.m in Sources */,
				AC4950D01BA79BBE00C555C3 /* ViewController.m in Sources */,
				AC4950CD1BA79BBE00C555C3 /* AppDelegate.m in Sources */,
				AC4950CA1BA79BBE00C555C3 /* main.m in Sources */,
			);
			runOnlyForDeploymentPostprocessing = 0;
		};
		AC4950D91BA79BBE00C555C3 /* Sources */ = {
			isa = PBXSourcesBuildPhase;
			buildActionMask = 2147483647;
			files = (
				AC4950E41BA79BBE00C555C3 /* TicTacToeTests.m in Sources */,
			);
			runOnlyForDeploymentPostprocessing = 0;
		};
/* End PBXSourcesBuildPhase section */

/* Begin PBXTargetDependency section */
		AC4950DF1BA79BBE00C555C3 /* PBXTargetDependency */ = {
			isa = PBXTargetDependency;
			target = AC4950C31BA79BBE00C555C3 /* TicTacToe */;
			targetProxy = AC4950DE1BA79BBE00C555C3 /* PBXContainerItemProxy */;
		};
/* End PBXTargetDependency section */

/* Begin PBXVariantGroup section */
		AC4950D11BA79BBE00C555C3 /* Main.storyboard */ = {
			isa = PBXVariantGroup;
			children = (
				AC4950D21BA79BBE00C555C3 /* Base */,
			);
			name = Main.storyboard;
			sourceTree = "<group>";
		};
		AC4950D61BA79BBE00C555C3 /* LaunchScreen.xib */ = {
			isa = PBXVariantGroup;
			children = (
				AC4950D71BA79BBE00C555C3 /* Base */,
			);
			name = LaunchScreen.xib;
			sourceTree = "<group>";
		};
/* End PBXVariantGroup section */

/* Begin XCBuildConfiguration section */
		AC4950E51BA79BBE00C555C3 /* Debug */ = {
			isa = XCBuildConfiguration;
			buildSettings = {
				ALWAYS_SEARCH_USER_PATHS = NO;
				CLANG_CXX_LANGUAGE_STANDARD = "gnu++0x";
				CLANG_CXX_LIBRARY = "libc++";
				CLANG_ENABLE_MODULES = YES;
				CLANG_ENABLE_OBJC_ARC = YES;
				CLANG_WARN_BOOL_CONVERSION = YES;
				CLANG_WARN_CONSTANT_CONVERSION = YES;
				CLANG_WARN_DIRECT_OBJC_ISA_USAGE = YES_ERROR;
				CLANG_WARN_EMPTY_BODY = YES;
				CLANG_WARN_ENUM_CONVERSION = YES;
				CLANG_WARN_INT_CONVERSION = YES;
				CLANG_WARN_OBJC_ROOT_CLASS = YES_ERROR;
				CLANG_WARN_UNREACHABLE_CODE = YES;
				CLANG_WARN__DUPLICATE_METHOD_MATCH = YES;
				"CODE_SIGN_IDENTITY[sdk=iphoneos*]" = "iPhone Developer";
				COPY_PHASE_STRIP = NO;
				DEBUG_INFORMATION_FORMAT = "dwarf-with-dsym";
				ENABLE_STRICT_OBJC_MSGSEND = YES;
				GCC_C_LANGUAGE_STANDARD = gnu99;
				GCC_DYNAMIC_NO_PIC = NO;
				GCC_NO_COMMON_BLOCKS = YES;
				GCC_OPTIMIZATION_LEVEL = 0;
				GCC_PREPROCESSOR_DEFINITIONS = (
					"DEBUG=1",
					"$(inherited)",
				);
				GCC_SYMBOLS_PRIVATE_EXTERN = NO;
				GCC_WARN_64_TO_32_BIT_CONVERSION = YES;
				GCC_WARN_ABOUT_RETURN_TYPE = YES_ERROR;
				GCC_WARN_UNDECLARED_SELECTOR = YES;
				GCC_WARN_UNINITIALIZED_AUTOS = YES_AGGRESSIVE;
				GCC_WARN_UNUSED_FUNCTION = YES;
				GCC_WARN_UNUSED_VARIABLE = YES;
				IPHONEOS_DEPLOYMENT_TARGET = 8.3;
				MTL_ENABLE_DEBUG_INFO = YES;
				ONLY_ACTIVE_ARCH = YES;
				SDKROOT = iphoneos;
			};
			name = Debug;
		};
		AC4950E61BA79BBE00C555C3 /* Release */ = {
			isa = XCBuildConfiguration;
			buildSettings = {
				ALWAYS_SEARCH_USER_PATHS = NO;
				CLANG_CXX_LANGUAGE_STANDARD = "gnu++0x";
				CLANG_CXX_LIBRARY = "libc++";
				CLANG_ENABLE_MODULES = YES;
				CLANG_ENABLE_OBJC_ARC = YES;
				CLANG_WARN_BOOL_CONVERSION = YES;
				CLANG_WARN_CONSTANT_CONVERSION = YES;
				CLANG_WARN_DIRECT_OBJC_ISA_USAGE = YES_ERROR;
				CLANG_WARN_EMPTY_BODY = YES;
				CLANG_WARN_ENUM_CONVERSION = YES;
				CLANG_WARN_INT_CONVERSION = YES;
				CLANG_WARN_OBJC_ROOT_CLASS = YES_ERROR;
				CLANG_WARN_UNREACHABLE_CODE = YES;
				CLANG_WARN__DUPLICATE_METHOD_MATCH = YES;
				"CODE_SIGN_IDENTITY[sdk=iphoneos*]" = "iPhone Developer";
				COPY_PHASE_STRIP = NO;
				DEBUG_INFORMATION_FORMAT = "dwarf-with-dsym";
				ENABLE_NS_ASSERTIONS = NO;
				ENABLE_STRICT_OBJC_MSGSEND = YES;
				GCC_C_LANGUAGE_STANDARD = gnu99;
				GCC_NO_COMMON_BLOCKS = YES;
				GCC_WARN_64_TO_32_BIT_CONVERSION = YES;
				GCC_WARN_ABOUT_RETURN_TYPE = YES_ERROR;
				GCC_WARN_UNDECLARED_SELECTOR = YES;
				GCC_WARN_UNINITIALIZED_AUTOS = YES_AGGRESSIVE;
				GCC_WARN_UNUSED_FUNCTION = YES;
				GCC_WARN_UNUSED_VARIABLE = YES;
				IPHONEOS_DEPLOYMENT_TARGET = 8.3;
				MTL_ENABLE_DEBUG_INFO = NO;
				SDKROOT = iphoneos;
				VALIDATE_PRODUCT = YES;
			};
			name = Release;
		};
		AC4950E81BA79BBE00C555C3 /* Debug */ = {
			isa = XCBuildConfiguration;
			buildSettings = {
				ASSETCATALOG_COMPILER_APPICON_NAME = AppIcon;
				CODE_SIGN_IDENTITY = "iPhone Developer";
				"CODE_SIGN_IDENTITY[sdk=iphoneos*]" = "iPhone Developer";
				INFOPLIST_FILE = TicTacToe/Info.plist;
				LD_RUNPATH_SEARCH_PATHS = "$(inherited) @executable_path/Frameworks";
				PRODUCT_NAME = "$(TARGET_NAME)";
				PROVISIONING_PROFILE = "";
			};
			name = Debug;
		};
		AC4950E91BA79BBE00C555C3 /* Release */ = {
			isa = XCBuildConfiguration;
			buildSettings = {
				ASSETCATALOG_COMPILER_APPICON_NAME = AppIcon;
				CODE_SIGN_IDENTITY = "iPhone Developer";
				"CODE_SIGN_IDENTITY[sdk=iphoneos*]" = "iPhone Developer";
				INFOPLIST_FILE = TicTacToe/Info.plist;
				LD_RUNPATH_SEARCH_PATHS = "$(inherited) @executable_path/Frameworks";
				PRODUCT_NAME = "$(TARGET_NAME)";
				PROVISIONING_PROFILE = "";
			};
			name = Release;
		};
		AC4950EB1BA79BBE00C555C3 /* Debug */ = {
			isa = XCBuildConfiguration;
			buildSettings = {
				BUNDLE_LOADER = "$(TEST_HOST)";
				FRAMEWORK_SEARCH_PATHS = (
					"$(SDKROOT)/Developer/Library/Frameworks",
					"$(inherited)",
				);
				GCC_PREPROCESSOR_DEFINITIONS = (
					"DEBUG=1",
					"$(inherited)",
				);
				INFOPLIST_FILE = TicTacToeTests/Info.plist;
				LD_RUNPATH_SEARCH_PATHS = "$(inherited) @executable_path/Frameworks @loader_path/Frameworks";
				PRODUCT_NAME = "$(TARGET_NAME)";
				TEST_HOST = "$(BUILT_PRODUCTS_DIR)/TicTacToe.app/TicTacToe";
			};
			name = Debug;
		};
		AC4950EC1BA79BBE00C555C3 /* Release */ = {
			isa = XCBuildConfiguration;
			buildSettings = {
				BUNDLE_LOADER = "$(TEST_HOST)";
				FRAMEWORK_SEARCH_PATHS = (
					"$(SDKROOT)/Developer/Library/Frameworks",
					"$(inherited)",
				);
				INFOPLIST_FILE = TicTacToeTests/Info.plist;
				LD_RUNPATH_SEARCH_PATHS = "$(inherited) @executable_path/Frameworks @loader_path/Frameworks";
				PRODUCT_NAME = "$(TARGET_NAME)";
				TEST_HOST = "$(BUILT_PRODUCTS_DIR)/TicTacToe.app/TicTacToe";
			};
			name = Release;
		};
/* End XCBuildConfiguration section */

/* Begin XCConfigurationList section */
		AC4950BF1BA79BBE00C555C3 /* Build configuration list for PBXProject "TicTacToe" */ = {
			isa = XCConfigurationList;
			buildConfigurations = (
				AC4950E51BA79BBE00C555C3 /* Debug */,
				AC4950E61BA79BBE00C555C3 /* Release */,
			);
			defaultConfigurationIsVisible = 0;
			defaultConfigurationName = Release;
		};
		AC4950E71BA79BBE00C555C3 /* Build configuration list for PBXNativeTarget "TicTacToe" */ = {
			isa = XCConfigurationList;
			buildConfigurations = (
				AC4950E81BA79BBE00C555C3 /* Debug */,
				AC4950E91BA79BBE00C555C3 /* Release */,
			);
			defaultConfigurationIsVisible = 0;
			defaultConfigurationName = Release;
		};
		AC4950EA1BA79BBE00C555C3 /* Build configuration list for PBXNativeTarget "TicTacToeTests" */ = {
			isa = XCConfigurationList;
			buildConfigurations = (
				AC4950EB1BA79BBE00C555C3 /* Debug */,
				AC4950EC1BA79BBE00C555C3 /* Release */,
			);
			defaultConfigurationIsVisible = 0;
			defaultConfigurationName = Release;
		};
/* End XCConfigurationList section */
	};
	rootObject = AC4950BC1BA79BBE00C555C3 /* Project object */;
}
